<?xml version="1.0" encoding="utf-8"?>
<Project ToolsVersion="4.0" xmlns="http://schemas.microsoft.com/developer/msbuild/2003">
  <ItemGroup>
    <Filter Include="ソース ファイル">
      <UniqueIdentifier>{4FC737F1-C7A5-4376-A066-2A32D752A2FF}</UniqueIdentifier>
      <Extensions>cpp;c;cc;cxx;def;odl;idl;hpj;bat;asm;asmx</Extensions>
    </Filter>
    <Filter Include="ヘッダー ファイル">
      <UniqueIdentifier>{93995380-89BD-4b04-88EB-625FBE52EBFB}</UniqueIdentifier>
      <Extensions>h;hh;hpp;hxx;hm;inl;inc;xsd</Extensions>
    </Filter>
    <Filter Include="リソース ファイル">
      <UniqueIdentifier>{67DA6AB6-F800-4c08-8B7A-83BB121AAD01}</UniqueIdentifier>
      <Extensions>rc;ico;cur;bmp;dlg;rc2;rct;bin;rgs;gif;jpg;jpeg;jpe;resx;tiff;tif;png;wav;mfcribbon-ms</Extensions>
    </Filter>
    <Filter Include="Game">
      <UniqueIdentifier>{4c73449d-abb8-4df8-962d-7fafd0822cb4}</UniqueIdentifier>
    </Filter>
    <Filter Include="Game\Entity">
      <UniqueIdentifier>{da1cecf5-ea7f-4555-90f2-161ab1d2bf28}</UniqueIdentifier>
    </Filter>
    <Filter Include="Game\Scene">
      <UniqueIdentifier>{94181638-14ac-4838-bdb3-c87a45078d4a}</UniqueIdentifier>
    </Filter>
    <Filter Include="Game\Entity\Player">
      <UniqueIdentifier>{41197aa1-24a7-49b5-afd8-adb8639352bc}</UniqueIdentifier>
    </Filter>
    <Filter Include="Game\Data">
      <UniqueIdentifier>{4a8df071-10fd-4574-8e2c-06f9e77d5e60}</UniqueIdentifier>
    </Filter>
    <Filter Include="Game\Data\RideParameter">
      <UniqueIdentifier>{c687cb04-7b75-4a37-ae26-a7cafd9adb08}</UniqueIdentifier>
    </Filter>
    <Filter Include="Game\Entity\Goal">
      <UniqueIdentifier>{c57c379f-93a4-4cd1-8160-de358a4ece4d}</UniqueIdentifier>
    </Filter>
    <Filter Include="Game\Utilities">
      <UniqueIdentifier>{2ebfee8d-2e86-4fd1-b18d-9bdd1def89ef}</UniqueIdentifier>
    </Filter>
    <Filter Include="Game\Utilities\UITexture">
      <UniqueIdentifier>{f6326437-41a2-43f3-b723-74f1d5b97083}</UniqueIdentifier>
    </Filter>
    <Filter Include="Game\Entity\Item">
      <UniqueIdentifier>{5e9b0c6d-838f-457e-b0bf-ed5c7ddce137}</UniqueIdentifier>
    </Filter>
    <Filter Include="Game\Entity\ElectroTrap">
      <UniqueIdentifier>{ffdd23be-10b5-4f26-85f9-6caac7d388b7}</UniqueIdentifier>
    </Filter>
    <Filter Include="Game\Entity\Obstacles">
      <UniqueIdentifier>{3c94613b-76f5-4636-b211-d31e5cad35d1}</UniqueIdentifier>
    </Filter>
    <Filter Include="Game\Data\Stage">
      <UniqueIdentifier>{d0f38c66-f628-4973-b699-fea72f94d26e}</UniqueIdentifier>
    </Filter>
    <Filter Include="Game\Entity\Missile">
      <UniqueIdentifier>{15b58cfe-ae5b-4349-8d53-9beeff19d5e0}</UniqueIdentifier>
    </Filter>
    <Filter Include="Game\Entity\Item\Nuke">
      <UniqueIdentifier>{cd3d96df-e8e7-4c6c-a6ce-4e2ad54db949}</UniqueIdentifier>
    </Filter>
    <Filter Include="Game\Entity\Item\Smoke">
      <UniqueIdentifier>{a791e5d5-737e-4fc1-9de3-c2b7e9b4e8af}</UniqueIdentifier>
    </Filter>
    <Filter Include="Game\Entity\Explode">
      <UniqueIdentifier>{de82dd98-ca64-439a-9514-5c83f4619742}</UniqueIdentifier>
    </Filter>
    <Filter Include="Game\Entity\Item\Bomb">
      <UniqueIdentifier>{0b04c115-a140-42fc-8300-a2004b86df2a}</UniqueIdentifier>
    </Filter>
    <Filter Include="Game\Entity\Item\FakeItem">
      <UniqueIdentifier>{d8538915-c459-455b-879b-9acbb0cf8e01}</UniqueIdentifier>
    </Filter>
    <Filter Include="Game\Scene\TitleScene">
      <UniqueIdentifier>{925acf2b-d774-43eb-b745-71c12dac9c23}</UniqueIdentifier>
    </Filter>
    <Filter Include="Game\Utilities\CommandNum">
      <UniqueIdentifier>{74dd125a-cd1a-44a8-b339-f27c84c9358f}</UniqueIdentifier>
    </Filter>
    <Filter Include="Game\Scene\StageSelect">
      <UniqueIdentifier>{a586e60f-63ec-4fd8-b7d0-7267f984d4d3}</UniqueIdentifier>
    </Filter>
    <Filter Include="Game\Entity\EffectDestroy">
      <UniqueIdentifier>{95a3c353-757a-40f5-a957-8d11c9b2a713}</UniqueIdentifier>
    </Filter>
    <Filter Include="Game\Utilities\MiniMap">
      <UniqueIdentifier>{a595ab02-2cf3-4fed-8f0a-5313d525abe6}</UniqueIdentifier>
    </Filter>
    <Filter Include="Game\Entity\Shadow">
      <UniqueIdentifier>{e4c2433e-9cd9-49b8-a612-6df236330762}</UniqueIdentifier>
    </Filter>
    <Filter Include="Game\Utilities\Effects">
      <UniqueIdentifier>{3cf71ba1-31e6-4840-a938-15364940a503}</UniqueIdentifier>
    </Filter>
    <Filter Include="Game\Effects">
      <UniqueIdentifier>{f3599c7f-9b4a-41b4-8580-42b0b9c635aa}</UniqueIdentifier>
    </Filter>
    <Filter Include="Game\Effects\AccelDusts">
      <UniqueIdentifier>{534114cf-434b-4300-88c3-aff001d4bff8}</UniqueIdentifier>
    </Filter>
    <Filter Include="Game\Effects\ItemGetEffect">
      <UniqueIdentifier>{20a492ce-74ec-432d-8692-1e2bb4fb4be5}</UniqueIdentifier>
    </Filter>
    <Filter Include="Game\Effects\SpeedUpEffect">
      <UniqueIdentifier>{1cc75595-7caf-4fca-a19e-4da9d81c312e}</UniqueIdentifier>
    </Filter>
    <Filter Include="Game\Effects\MissileEffect">
      <UniqueIdentifier>{d78f1412-3e95-4d74-9f22-682c90febe8a}</UniqueIdentifier>
    </Filter>
    <Filter Include="Game\Effects\PlayerRespawn">
      <UniqueIdentifier>{f1b4f544-2abc-4b28-9cba-ba4a8c51d7ee}</UniqueIdentifier>
    </Filter>
    <Filter Include="Game\Utilities\UITexture\BlackFilter">
      <UniqueIdentifier>{8596db21-45d1-4662-a5d1-0f4e9c41ef2d}</UniqueIdentifier>
    </Filter>
    <Filter Include="Game\Effects\PlayerIcon">
      <UniqueIdentifier>{56044b25-fcc3-464f-a04d-644faabf98a7}</UniqueIdentifier>
    </Filter>
  </ItemGroup>
  <ItemGroup>
    <ClCompile Include="src\main.cpp">
      <Filter>ソース ファイル</Filter>
    </ClCompile>
    <ClCompile Include="src\GLFWEW.cpp">
      <Filter>ソース ファイル</Filter>
    </ClCompile>
    <ClCompile Include="src\Shader.cpp">
      <Filter>ソース ファイル</Filter>
    </ClCompile>
    <ClCompile Include="src\OffScreenBuffer.cpp">
      <Filter>ソース ファイル</Filter>
    </ClCompile>
    <ClCompile Include="src\UniformBuffer.cpp">
      <Filter>ソース ファイル</Filter>
    </ClCompile>
    <ClCompile Include="src\Texture.cpp">
      <Filter>ソース ファイル</Filter>
    </ClCompile>
    <ClCompile Include="src\Mesh.cpp">
      <Filter>ソース ファイル</Filter>
    </ClCompile>
    <ClCompile Include="src\Entity.cpp">
      <Filter>ソース ファイル</Filter>
    </ClCompile>
    <ClCompile Include="src\GameEngine.cpp">
      <Filter>ソース ファイル</Filter>
    </ClCompile>
    <ClCompile Include="src\Font.cpp">
      <Filter>ソース ファイル</Filter>
    </ClCompile>
    <ClCompile Include="src\Audio.cpp">
      <Filter>ソース ファイル</Filter>
    </ClCompile>
    <ClCompile Include="src\Game\Scene\RaceScene.cpp">
      <Filter>Game\Scene</Filter>
    </ClCompile>
    <ClCompile Include="src\Game\Entity\Player\Player.cpp">
      <Filter>Game\Entity\Player</Filter>
    </ClCompile>
    <ClCompile Include="src\Game\Entity\Goal\Goal.cpp">
      <Filter>Game\Entity\Goal</Filter>
    </ClCompile>
    <ClCompile Include="src\Game\Utilities\UITexture\UITexture.cpp">
      <Filter>Game\Utilities\UITexture</Filter>
    </ClCompile>
    <ClCompile Include="src\Game\Entity\Item\Item.cpp">
      <Filter>Game\Entity\Item</Filter>
    </ClCompile>
    <ClCompile Include="src\Game\Entity\Item\ElectroTrap\ElectroTrap.cpp">
      <Filter>Game\Entity\ElectroTrap</Filter>
    </ClCompile>
    <ClCompile Include="src\Game\Entity\Obstacle\Obstacle.cpp">
      <Filter>Game\Entity\Obstacles</Filter>
    </ClCompile>
    <ClCompile Include="src\Game\Entity\Item\Missile\Missile.cpp">
      <Filter>Game\Entity\Missile</Filter>
    </ClCompile>
    <ClCompile Include="src\Game\Entity\Item\Nuke\Nuke.cpp">
      <Filter>Game\Entity\Item\Nuke</Filter>
    </ClCompile>
    <ClCompile Include="src\Game\Entity\Item\Smoke\Smoke.cpp">
      <Filter>Game\Entity\Item\Smoke</Filter>
    </ClCompile>
    <ClCompile Include="src\Game\Entity\Item\Explode\Explode.cpp">
      <Filter>Game\Entity\Explode</Filter>
    </ClCompile>
    <ClCompile Include="src\Game\Entity\Item\Bomb\Bomb.cpp">
      <Filter>Game\Entity\Item\Bomb</Filter>
    </ClCompile>
    <ClCompile Include="src\Game\Entity\Item\FakeItem\FakeItem.cpp">
      <Filter>Game\Entity\Item\FakeItem</Filter>
    </ClCompile>
    <ClCompile Include="src\Game\Scene\TitleScene\TitleScene.cpp">
      <Filter>Game\Scene\TitleScene</Filter>
    </ClCompile>
    <ClCompile Include="src\Game\Utilities\CommandSelect\CommandSelect.cpp">
      <Filter>Game\Utilities\CommandNum</Filter>
    </ClCompile>
    <ClCompile Include="src\Game\Scene\StageSelectScene\StageSelectScene.cpp">
      <Filter>Game\Scene\StageSelect</Filter>
    </ClCompile>
    <ClCompile Include="src\Game\Entity\EffectDestroy\EffectDestroy.cpp">
      <Filter>Game\Entity\EffectDestroy</Filter>
    </ClCompile>
    <ClCompile Include="src\Game\Utilities\MiniMap\MiniMap.cpp">
      <Filter>Game\Utilities\MiniMap</Filter>
    </ClCompile>
    <ClCompile Include="src\BufferObject.cpp">
      <Filter>ソース ファイル</Filter>
    </ClCompile>
    <ClCompile Include="src\Game\Entity\Shadow\Shadow.cpp">
      <Filter>Game\Entity\Shadow</Filter>
    </ClCompile>
    <ClCompile Include="src\Game\Utilities\Effects\Effects.cpp">
      <Filter>Game\Utilities\Effects</Filter>
    </ClCompile>
    <ClCompile Include="src\Game\Effects\AccelDust\AccelDust.cpp">
      <Filter>Game\Effects\AccelDusts</Filter>
    </ClCompile>
    <ClCompile Include="src\Game\Effects\Particle.cpp">
      <Filter>Game\Effects</Filter>
    </ClCompile>
    <ClCompile Include="src\Game\Effects\ItemGetEffect\ItemGetEffect.cpp">
      <Filter>Game\Effects\ItemGetEffect</Filter>
    </ClCompile>
    <ClCompile Include="src\Game\Effects\SpeedUpEffect\SpeedUpEffect.cpp">
      <Filter>Game\Effects\SpeedUpEffect</Filter>
    </ClCompile>
    <ClCompile Include="src\Game\Effects\PlayerRespawn\RespawnEffect.cpp">
      <Filter>Game\Effects\PlayerRespawn</Filter>
    </ClCompile>
    <ClCompile Include="src\Game\Utilities\UITexture\BlackFilter\BlackFilter.cpp">
      <Filter>Game\Utilities\UITexture\BlackFilter</Filter>
    </ClCompile>
    <ClCompile Include="src\Game\Effects\PlayerIcon\PlayerIcon.cpp">
      <Filter>Game\Effects\PlayerIcon</Filter>
    </ClCompile>
  </ItemGroup>
  <ItemGroup>
    <None Include="packages.config" />
    <None Include="res\Blur3x3.frag">
      <Filter>リソース ファイル</Filter>
    </None>
    <None Include="res\ColorFilter.frag">
      <Filter>リソース ファイル</Filter>
    </None>
    <None Include="res\ColorFilter.vert">
      <Filter>リソース ファイル</Filter>
    </None>
    <None Include="res\Effect.frag">
      <Filter>リソース ファイル</Filter>
    </None>
    <None Include="res\Effect.vert">
      <Filter>リソース ファイル</Filter>
    </None>
    <None Include="res\Font.frag">
      <Filter>リソース ファイル</Filter>
    </None>
    <None Include="res\Font.vert">
      <Filter>リソース ファイル</Filter>
    </None>
    <None Include="res\HiLumExtract.frag">
      <Filter>リソース ファイル</Filter>
    </None>
    <None Include="res\NonLighting.frag">
      <Filter>リソース ファイル</Filter>
    </None>
    <None Include="res\NonLighting.vert">
      <Filter>リソース ファイル</Filter>
    </None>
    <None Include="res\Posterization.frag">
      <Filter>リソース ファイル</Filter>
    </None>
    <None Include="res\Posterization.vert">
      <Filter>リソース ファイル</Filter>
    </None>
    <None Include="res\RenderDepth.frag">
      <Filter>リソース ファイル</Filter>
    </None>
    <None Include="res\RenderDepth.vert">
      <Filter>リソース ファイル</Filter>
    </None>
    <None Include="res\Shrink.frag">
      <Filter>リソース ファイル</Filter>
    </None>
    <None Include="res\SkyBox.frag">
      <Filter>リソース ファイル</Filter>
    </None>
    <None Include="res\SkyBox.vert">
      <Filter>リソース ファイル</Filter>
    </None>
    <None Include="res\Terrain.frag">
      <Filter>リソース ファイル</Filter>
    </None>
    <None Include="res\Terrain.vert">
      <Filter>リソース ファイル</Filter>
    </None>
    <None Include="res\TexCoord.vert">
      <Filter>リソース ファイル</Filter>
    </None>
    <None Include="res\Tutorial.frag">
      <Filter>リソース ファイル</Filter>
    </None>
    <None Include="res\Tutorial.vert">
      <Filter>リソース ファイル</Filter>
    </None>
    <None Include="res\UITexture.frag">
      <Filter>リソース ファイル</Filter>
    </None>
    <None Include="res\UITexture.vert">
      <Filter>リソース ファイル</Filter>
    </None>
  </ItemGroup>
  <ItemGroup>
    <ClInclude Include="src\GLFWEW.h">
      <Filter>ヘッダー ファイル</Filter>
    </ClInclude>
    <ClInclude Include="src\Texture.h">
      <Filter>ヘッダー ファイル</Filter>
    </ClInclude>
    <ClInclude Include="src\Shader.h">
      <Filter>ヘッダー ファイル</Filter>
    </ClInclude>
    <ClInclude Include="src\OffScreenBuffer.h">
      <Filter>ヘッダー ファイル</Filter>
    </ClInclude>
    <ClInclude Include="src\UniformBuffer.h">
      <Filter>ヘッダー ファイル</Filter>
    </ClInclude>
    <ClInclude Include="src\Mesh.h">
      <Filter>ヘッダー ファイル</Filter>
    </ClInclude>
    <ClInclude Include="src\Entity.h">
      <Filter>ヘッダー ファイル</Filter>
    </ClInclude>
    <ClInclude Include="src\InterfaceBlock.h">
      <Filter>ヘッダー ファイル</Filter>
    </ClInclude>
    <ClInclude Include="src\GameEngine.h">
      <Filter>ヘッダー ファイル</Filter>
    </ClInclude>
    <ClInclude Include="src\Gamepad.h">
      <Filter>ヘッダー ファイル</Filter>
    </ClInclude>
    <ClInclude Include="src\Font.h">
      <Filter>ヘッダー ファイル</Filter>
    </ClInclude>
    <ClInclude Include="src\Audio.h">
      <Filter>ヘッダー ファイル</Filter>
    </ClInclude>
    <ClInclude Include="src\Game\Scene\RaceScene.h">
      <Filter>Game\Scene</Filter>
    </ClInclude>
    <ClInclude Include="src\Game\Entity\Player\Player.h">
      <Filter>Game\Entity\Player</Filter>
    </ClInclude>
    <ClInclude Include="src\Game\Entity\Goal\Goal.h">
      <Filter>Game\Entity\Goal</Filter>
    </ClInclude>
    <ClInclude Include="src\Game\Utilities\UITexture\UITexture.h">
      <Filter>Game\Utilities\UITexture</Filter>
    </ClInclude>
    <ClInclude Include="src\Game\Entity\Item\Item.h">
      <Filter>Game\Entity\Item</Filter>
    </ClInclude>
    <ClInclude Include="src\Game\Entity\Item\ElectroTrap\ElectroTrap.h">
      <Filter>Game\Entity\ElectroTrap</Filter>
    </ClInclude>
    <ClInclude Include="src\Game\Entity\Obstacle\Obstacle.h">
      <Filter>Game\Entity\Obstacles</Filter>
    </ClInclude>
    <ClInclude Include="res\Data\StageData\TestStage1.txt">
      <Filter>Game\Data\Stage</Filter>
    </ClInclude>
    <ClInclude Include="src\Game\Entity\Item\Missile\Missile.h">
      <Filter>Game\Entity\Missile</Filter>
    </ClInclude>
    <ClInclude Include="src\Game\Entity\Item\Nuke\Nuke.h">
      <Filter>Game\Entity\Item\Nuke</Filter>
    </ClInclude>
    <ClInclude Include="src\Game\Entity\Item\Smoke\Smoke.h">
      <Filter>Game\Entity\Item\Smoke</Filter>
    </ClInclude>
    <ClInclude Include="src\Game\Entity\Item\Explode\Explode.h">
      <Filter>Game\Entity\Explode</Filter>
    </ClInclude>
    <ClInclude Include="src\Game\Entity\Item\Bomb\Bomb.h">
      <Filter>Game\Entity\Item\Bomb</Filter>
    </ClInclude>
    <ClInclude Include="src\Game\Entity\Item\FakeItem\FakeItem.h">
      <Filter>Game\Entity\Item\FakeItem</Filter>
    </ClInclude>
    <ClInclude Include="src\Game\Scene\TitleScene\TitleScene.h">
      <Filter>Game\Scene\TitleScene</Filter>
    </ClInclude>
    <ClInclude Include="src\Game\Scene\StageSelectScene\StageSelectScene.h">
      <Filter>Game\Scene\StageSelect</Filter>
    </ClInclude>
    <ClInclude Include="src\Game\Entity\EffectDestroy\EffectDestroy.h">
      <Filter>Game\Entity\EffectDestroy</Filter>
    </ClInclude>
    <ClInclude Include="src\Game\Utilities\MiniMap\MiniMap.h">
      <Filter>Game\Utilities\MiniMap</Filter>
    </ClInclude>
    <ClInclude Include="src\BufferObject.h">
      <Filter>ヘッダー ファイル</Filter>
    </ClInclude>
    <ClInclude Include="src\Game\Utilities\CommandSelect\CommandSelect.h">
      <Filter>Game\Utilities\CommandNum</Filter>
    </ClInclude>
    <ClInclude Include="src\Game\Entity\Shadow\Shadow.h">
      <Filter>Game\Entity\Shadow</Filter>
    </ClInclude>
    <ClInclude Include="src\Game\Utilities\Effects\Effects.h">
      <Filter>Game\Utilities\Effects</Filter>
    </ClInclude>
    <ClInclude Include="src\Game\Effects\AccelDust\AccelDust.h">
      <Filter>Game\Effects\AccelDusts</Filter>
    </ClInclude>
    <ClInclude Include="src\Game\Effects\ItemGetEffect\ItemGetEffect.h">
      <Filter>Game\Effects\ItemGetEffect</Filter>
    </ClInclude>
    <ClInclude Include="src\Game\Effects\Particle.h">
      <Filter>Game\Effects</Filter>
    </ClInclude>
    <ClInclude Include="src\Game\Effects\SpeedUpEffect\SpeedUpEffect.h">
      <Filter>Game\Effects\SpeedUpEffect</Filter>
    </ClInclude>
    <ClInclude Include="src\Game\Effects\PlayerRespawn\RespawnEffect.h">
      <Filter>Game\Effects\PlayerRespawn</Filter>
    </ClInclude>
    <ClInclude Include="src\Game\Utilities\UITexture\BlackFilter\BlackFilter.h">
      <Filter>Game\Utilities\UITexture\BlackFilter</Filter>
    </ClInclude>
    <ClInclude Include="src\Game\Effects\PlayerIcon\PlayerIcon.h">
      <Filter>Game\Effects\PlayerIcon</Filter>
    </ClInclude>
  </ItemGroup>
  <ItemGroup>
    <Text Include="res\Data\RideParameter\RideParamater.txt">
      <Filter>Game\Data\RideParameter</Filter>
    </Text>
    <Text Include="res\Data\StageData\TestCheckPoint1.txt">
      <Filter>Game\Data\Stage</Filter>
    </Text>
    <Text Include="res\Data\StageData\TestItems1.txt">
      <Filter>Game\Data\Stage</Filter>
    </Text>
  </ItemGroup>
</Project>